lockfileVersion: '9.0'

settings:
  autoInstallPeers: true
  excludeLinksFromLockfile: false

importers:

  .:
    dependencies:
      '@jitl/quickjs-ng-wasmfile-release-asyncify':
        specifier: ^0.29.2
        version: 0.29.2
      memfs:
        specifier: ^4.9.3
        version: 4.9.4
      node-fetch:
        specifier: ^3.3.2
        version: 3.3.2
      quickjs-emscripten-core:
        specifier: ^0.29.2
        version: 0.29.2
      rate-limiter-flexible:
        specifier: ^5.0.3
        version: 5.0.3
      validate-npm-package-name:
        specifier: ^5.0.1
        version: 5.0.1
    devDependencies:
      '@biomejs/biome':
        specifier: ^1.8.3
        version: 1.8.3
      '@hono/swagger-ui':
        specifier: ^0.3.0
        version: 0.3.0(hono@4.5.1)
      '@hono/zod-openapi':
        specifier: ^0.14.9
        version: 0.14.9(hono@4.5.1)(zod@3.23.8)
      '@types/autocannon':
        specifier: ^7.12.5
        version: 7.12.5
      '@types/bun':
        specifier: ^1.1.6
        version: 1.1.6
      '@types/node':
        specifier: ^20.14.10
        version: 20.14.12
      autocannon:
        specifier: ^7.15.0
        version: 7.15.0
      bun:
        specifier: ^1.1.20
        version: 1.1.20
      chai:
        specifier: ^5.1.1
        version: 5.1.1
      hono:
        specifier: ^4.4.13
        version: 4.5.1
      poolifier-web-worker:
        specifier: ^0.4.14
        version: 0.4.16
      quickjs-emscripten:
        specifier: ^0.29.2
        version: 0.29.2
      tshy:
        specifier: ^1.18.0
        version: 1.18.0
      typescript:
        specifier: ^5.5.3
        version: 5.5.4

packages:

  '@assemblyscript/loader@0.19.23':
    resolution: {integrity: sha512-ulkCYfFbYj01ie1MDOyxv2F6SpRN1TOj7fQxbP07D6HmeR+gr2JLSmINKjga2emB+b1L2KGrFKBTc+e00p54nw==}

  '@asteasolutions/zod-to-openapi@7.1.1':
    resolution: {integrity: sha512-lF0d1gAc0lYLO9/BAGivwTwE2Sh9h6CHuDcbk5KnGBfIuAsAkDC+Fdat4dkQY3CS/zUWKHRmFEma0B7X132Ymw==}
    peerDependencies:
      zod: ^3.20.2

  '@biomejs/biome@1.8.3':
    resolution: {integrity: sha512-/uUV3MV+vyAczO+vKrPdOW0Iaet7UnJMU4bNMinggGJTAnBPjCoLEYcyYtYHNnUNYlv4xZMH6hVIQCAozq8d5w==}
    engines: {node: '>=14.21.3'}
    hasBin: true

  '@biomejs/cli-darwin-arm64@1.8.3':
    resolution: {integrity: sha512-9DYOjclFpKrH/m1Oz75SSExR8VKvNSSsLnVIqdnKexj6NwmiMlKk94Wa1kZEdv6MCOHGHgyyoV57Cw8WzL5n3A==}
    engines: {node: '>=14.21.3'}
    cpu: [arm64]
    os: [darwin]

  '@biomejs/cli-darwin-x64@1.8.3':
    resolution: {integrity: sha512-UeW44L/AtbmOF7KXLCoM+9PSgPo0IDcyEUfIoOXYeANaNXXf9mLUwV1GeF2OWjyic5zj6CnAJ9uzk2LT3v/wAw==}
    engines: {node: '>=14.21.3'}
    cpu: [x64]
    os: [darwin]

  '@biomejs/cli-linux-arm64-musl@1.8.3':
    resolution: {integrity: sha512-9yjUfOFN7wrYsXt/T/gEWfvVxKlnh3yBpnScw98IF+oOeCYb5/b/+K7YNqKROV2i1DlMjg9g/EcN9wvj+NkMuQ==}
    engines: {node: '>=14.21.3'}
    cpu: [arm64]
    os: [linux]

  '@biomejs/cli-linux-arm64@1.8.3':
    resolution: {integrity: sha512-fed2ji8s+I/m8upWpTJGanqiJ0rnlHOK3DdxsyVLZQ8ClY6qLuPc9uehCREBifRJLl/iJyQpHIRufLDeotsPtw==}
    engines: {node: '>=14.21.3'}
    cpu: [arm64]
    os: [linux]

  '@biomejs/cli-linux-x64-musl@1.8.3':
    resolution: {integrity: sha512-UHrGJX7PrKMKzPGoEsooKC9jXJMa28TUSMjcIlbDnIO4EAavCoVmNQaIuUSH0Ls2mpGMwUIf+aZJv657zfWWjA==}
    engines: {node: '>=14.21.3'}
    cpu: [x64]
    os: [linux]

  '@biomejs/cli-linux-x64@1.8.3':
    resolution: {integrity: sha512-I8G2QmuE1teISyT8ie1HXsjFRz9L1m5n83U1O6m30Kw+kPMPSKjag6QGUn+sXT8V+XWIZxFFBoTDEDZW2KPDDw==}
    engines: {node: '>=14.21.3'}
    cpu: [x64]
    os: [linux]

  '@biomejs/cli-win32-arm64@1.8.3':
    resolution: {integrity: sha512-J+Hu9WvrBevfy06eU1Na0lpc7uR9tibm9maHynLIoAjLZpQU3IW+OKHUtyL8p6/3pT2Ju5t5emReeIS2SAxhkQ==}
    engines: {node: '>=14.21.3'}
    cpu: [arm64]
    os: [win32]

  '@biomejs/cli-win32-x64@1.8.3':
    resolution: {integrity: sha512-/PJ59vA1pnQeKahemaQf4Nyj7IKUvGQSc3Ze1uIGi+Wvr1xF7rGobSrAAG01T/gUDG21vkDsZYM03NAmPiVkqg==}
    engines: {node: '>=14.21.3'}
    cpu: [x64]
    os: [win32]

  '@colors/colors@1.5.0':
    resolution: {integrity: sha512-ooWCrlZP11i8GImSjTHYHLkvFDP48nS4+204nGb1RiX/WXYHmJA2III9/e2DWVabCESdW7hBAEzHRqUn9OUVvQ==}
    engines: {node: '>=0.1.90'}

  '@hono/swagger-ui@0.3.0':
    resolution: {integrity: sha512-2Hp7XYFx5wDJoc6gKJAnV7RA5TWYgYl2G1k5b3BlaF6uxsePgqqCBkxhbJPe3oPu2XRB4Bsm2V7Dp9jq8LI+dg==}
    peerDependencies:
      hono: '*'

  '@hono/zod-openapi@0.14.9':
    resolution: {integrity: sha512-7qWxZiSG4CogPb00TKorPMb2YsniOI0AReFrR7nIvsIdZ5XeorIQtFTI7G+o7HaaKPyzSPqcRllkFnQIIqxCMQ==}
    engines: {node: '>=16.0.0'}
    peerDependencies:
      hono: '>=4.3.6'
      zod: 3.*

  '@hono/zod-validator@0.2.2':
    resolution: {integrity: sha512-dSDxaPV70Py8wuIU2QNpoVEIOSzSXZ/6/B/h4xA7eOMz7+AarKTSGV8E6QwrdcCbBLkpqfJ4Q2TmBO0eP1tCBQ==}
    peerDependencies:
      hono: '>=3.9.0'
      zod: ^3.19.1

  '@isaacs/cliui@8.0.2':
    resolution: {integrity: sha512-O8jcjabXaleOG9DQ0+ARXWZBTfnP4WNAqzuiJK7ll44AmxGKv/J2M4TPjxjY3znBCfvBXFzucm1twdyFybFqEA==}
    engines: {node: '>=12'}

  '@jitl/quickjs-ffi-types@0.29.2':
    resolution: {integrity: sha512-069uQTiEla2PphXg6UpyyJ4QXHkTj3S9TeXgaMCd8NDYz3ODBw5U/rkg6fhuU8SMpoDrWjEzybmV5Mi2Pafb5w==}

  '@jitl/quickjs-ng-wasmfile-release-asyncify@0.29.2':
    resolution: {integrity: sha512-RdGgosDRzuemAeQN0JO6NlJhm50EExDuMktBLjsf9yRwvSx5pXb5J4+xGPUGU28/Q8oTHtyBvoGwiGaO4uVrBw==}

  '@jitl/quickjs-wasmfile-debug-asyncify@0.29.2':
    resolution: {integrity: sha512-YdRw2414pFkxzyyoJGv81Grbo9THp/5athDMKipaSBNNQvFE9FGRrgE9tt2DT2mhNnBx1kamtOGj0dX84Yy9bg==}

  '@jitl/quickjs-wasmfile-debug-sync@0.29.2':
    resolution: {integrity: sha512-VgisubjyPMWEr44g+OU0QWGyIxu7VkApkLHMxdORX351cw22aLTJ+Z79DJ8IVrTWc7jh4CBPsaK71RBQDuVB7w==}

  '@jitl/quickjs-wasmfile-release-asyncify@0.29.2':
    resolution: {integrity: sha512-sf3luCPr8wBVmGV6UV8Set+ie8wcO6mz5wMvDVO0b90UVCKfgnx65A1JfeA+zaSGoaFyTZ3sEpXSGJU+6qJmLw==}

  '@jitl/quickjs-wasmfile-release-sync@0.29.2':
    resolution: {integrity: sha512-UFIcbY3LxBRUjEqCHq3Oa6bgX5znt51V5NQck8L2US4u989ErasiMLUjmhq6UPC837Sjqu37letEK/ZpqlJ7aA==}

  '@jsonjoy.com/base64@1.1.2':
    resolution: {integrity: sha512-q6XAnWQDIMA3+FTiOYajoYqySkO+JSat0ytXGSuRdq9uXE7o92gzuQwQM14xaCRlBLGq3v5miDGC4vkVTn54xA==}
    engines: {node: '>=10.0'}
    peerDependencies:
      tslib: '2'

  '@jsonjoy.com/json-pack@1.0.4':
    resolution: {integrity: sha512-aOcSN4MeAtFROysrbqG137b7gaDDSmVrl5mpo6sT/w+kcXpWnzhMjmY/Fh/sDx26NBxyIE7MB1seqLeCAzy9Sg==}
    engines: {node: '>=10.0'}
    peerDependencies:
      tslib: '2'

  '@jsonjoy.com/util@1.2.0':
    resolution: {integrity: sha512-4B8B+3vFsY4eo33DMKyJPlQ3sBMpPFUZK2dr3O3rXrOGKKbYG44J0XSFkDo1VOQiri5HFEhIeVvItjR2xcazmg==}
    engines: {node: '>=10.0'}
    peerDependencies:
      tslib: '2'

  '@oven/bun-darwin-aarch64@1.1.20':
    resolution: {integrity: sha512-9dZuhfkol/fgG9+ZcDfDFKamp6npraPQghutE5IJM8Y3w4+y5USvw+NbANuKLSLFOH06oXMT/necZ9HT0rzTlg==}
    cpu: [arm64]
    os: [darwin]

  '@oven/bun-darwin-x64-baseline@1.1.20':
    resolution: {integrity: sha512-9H0nNs0clDXtIAntN0u4++zsspCabLe2PIXfcPamw4D5qBZEVve0jd3+6pg6mTm3z2aGkUAlPtonPvlzNeWiQg==}
    cpu: [x64]
    os: [darwin]

  '@oven/bun-darwin-x64@1.1.20':
    resolution: {integrity: sha512-6IfCEMt6/exOyiAik3dbFAcP0BxDquGSq4CH9iVvd7kAI1/5X0O/iRKuFNyT9HJb16jSLISh05nZGW6KBUKXuA==}
    cpu: [x64]
    os: [darwin]

  '@oven/bun-linux-aarch64@1.1.20':
    resolution: {integrity: sha512-xR2Wf9VqFZ2IiRBv9pvQ8z/DihfIA64bGbMkLkrAhZJACk+HBJ8eLjEGI4hvr9SM9br4Jtfjlm6CmNlkpqbk3Q==}
    cpu: [arm64]
    os: [linux]

  '@oven/bun-linux-x64-baseline@1.1.20':
    resolution: {integrity: sha512-H1PIzW+Dv6VNNH/yS6we7YD2Hvig3s6zLYnEt+mQok+wJKtjzpjQT1qZly/r6mhkZqHIcM3mRAwXcxgXF7yv7Q==}
    cpu: [x64]
    os: [linux]

  '@oven/bun-linux-x64@1.1.20':
    resolution: {integrity: sha512-8TWvnsWWWX9pZoYZ1GwZX3UwkfsnZYzicxwUdZVf/S0sNM6FBWkC9YqidxUsPva4DLKIi4oON8Ra5DpDwRZWSw==}
    cpu: [x64]
    os: [linux]

  '@oven/bun-windows-x64-baseline@1.1.20':
    resolution: {integrity: sha512-yFm6jhL7SPfPz7sOukUeiAGmX7/S+6yj3cY8NxGGvBaZZLqNSw+vitAFg/ssV8v8oDAG7b1SqP5KzEZt3EUvKg==}
    cpu: [x64]
    os: [win32]

  '@oven/bun-windows-x64@1.1.20':
    resolution: {integrity: sha512-1Njpp2LUq6mEyDdk3IBge7ew/+maqX/Q7ltalX7JT2Gxh693c0KuL7pzrExbkBweqSL1nMec0Crw+GkVd3bFxA==}
    cpu: [x64]
    os: [win32]

  '@pkgjs/parseargs@0.11.0':
    resolution: {integrity: sha512-+1VkjdD0QBLPodGrJUeqarH8VAIvQODIbwh9XpP5Syisf7YoQgsJKPNFoqqLQlu+VQ/tVSshMR6loPMn8U+dPg==}
    engines: {node: '>=14'}

  '@types/autocannon@7.12.5':
    resolution: {integrity: sha512-IGxnlq0ip0DTDOpShCDOjsBW+lclASdli1Jep+YSEOeUwylwyMai3WCVLi0mnXjHPD1cIziz3eiVyX6i7toB7Q==}

  '@types/bun@1.1.6':
    resolution: {integrity: sha512-uJgKjTdX0GkWEHZzQzFsJkWp5+43ZS7HC8sZPFnOwnSo1AsNl2q9o2bFeS23disNDqbggEgyFkKCHl/w8iZsMA==}

  '@types/node@20.12.14':
    resolution: {integrity: sha512-scnD59RpYD91xngrQQLGkE+6UrHUPzeKZWhhjBSa3HSkwjbQc38+q3RoIVEwxQGRw3M+j5hpNAM+lgV3cVormg==}

  '@types/node@20.14.12':
    resolution: {integrity: sha512-r7wNXakLeSsGT0H1AU863vS2wa5wBOK4bWMjZz2wj+8nBx+m5PeIn0k8AloSLpRuiwdRQZwarZqHE4FNArPuJQ==}

  '@types/ws@8.5.11':
    resolution: {integrity: sha512-4+q7P5h3SpJxaBft0Dzpbr6lmMaqh0Jr2tbhJZ/luAwvD7ohSCniYkwz/pLxuT2h0EOa6QADgJj1Ko+TzRfZ+w==}

  ansi-regex@5.0.1:
    resolution: {integrity: sha512-quJQXlTSUGL2LH9SUXo8VwsY4soanhgo6LNSm84E1LBcE8s3O0wpdiRzyR9z/ZZJMlMWv37qOOb9pdJlMUEKFQ==}
    engines: {node: '>=8'}

  ansi-regex@6.0.1:
    resolution: {integrity: sha512-n5M855fKb2SsfMIiFFoVrABHJC8QtHwVx+mHWP3QcEqBHYienj5dHSgjbxtC0WEZXYt4wcD6zrQElDPhFuZgfA==}
    engines: {node: '>=12'}

  ansi-styles@4.3.0:
    resolution: {integrity: sha512-zbB9rCJAT1rbjiVDb2hqKFHNYLxgtk8NURxZ3IZwD3F6NtxbXZQCnnSi1Lkx+IDohdPlFp222wVALIheZJQSEg==}
    engines: {node: '>=8'}

  ansi-styles@6.2.1:
    resolution: {integrity: sha512-bN798gFfQX+viw3R7yrGWRqnrN2oRkEkUjjl4JNn4E8GxxbjtG3FbrEIIY3l8/hrwUwIeCZvi4QuOTP4MErVug==}
    engines: {node: '>=12'}

  anymatch@3.1.3:
    resolution: {integrity: sha512-KMReFUr0B4t+D+OBkjR3KYqvocp2XaSzO55UcB6mgQMd3KbcE+mWTyvVV7D/zsdEbNnV6acZUutkiHQXvTr1Rw==}
    engines: {node: '>= 8'}

  assertion-error@2.0.1:
    resolution: {integrity: sha512-Izi8RQcffqCeNVgFigKli1ssklIbpHnCYc6AknXGYoB6grJqyeby7jv12JUQgmTAnIDnbck1uxksT4dzN3PWBA==}
    engines: {node: '>=12'}

  asynckit@0.4.0:
    resolution: {integrity: sha512-Oei9OH4tRh0YqU3GxhX79dM/mwVgvbZJaSNaRk+bshkj0S5cfHcgYakreBjrHwatXKbz+IoIdYLxrKim2MjW0Q==}

  autocannon@7.15.0:
    resolution: {integrity: sha512-NaP2rQyA+tcubOJMFv2+oeW9jv2pq/t+LM6BL3cfJic0HEfscEcnWgAyU5YovE/oTHUzAgTliGdLPR+RQAWUbg==}
    hasBin: true

  balanced-match@1.0.2:
    resolution: {integrity: sha512-3oSeUO0TMV67hN1AmbXsK4yaqU7tjiHlbxRDZOpH0KW9+CeX4bRAaX0Anxt0tx2MrpRpWwQaPwIlISEJhYU5Pw==}

  base64-js@1.5.1:
    resolution: {integrity: sha512-AKpaYlHn8t4SVbOHCy+b5+KKgvR4vrsD8vbvrbiQJps7fKDTkjkDry6ji0rUJjC0kzbNePLwzxq8iypo41qeWA==}

  binary-extensions@2.3.0:
    resolution: {integrity: sha512-Ceh+7ox5qe7LJuLHoY0feh3pHuUDHAcRUeyL2VYghZwfpkNIy/+8Ocg0a3UuSoYzavmylwuLWQOf3hl0jjMMIw==}
    engines: {node: '>=8'}

  brace-expansion@2.0.1:
    resolution: {integrity: sha512-XnAIvQ8eM+kC6aULx6wuQiwVsnzsi9d3WxzV3FpWTGA19F621kwdbsAcFKXgKUHZWsy+mY6iL1sHTxWEFCytDA==}

  braces@3.0.3:
    resolution: {integrity: sha512-yQbXgO/OSZVD2IsiLlro+7Hf6Q18EJrKSEsdoMzKePKXct3gvD8oLcOQdIzGupr5Fj+EDe8gO/lxc1BzfMpxvA==}
    engines: {node: '>=8'}

  buffer@5.7.1:
    resolution: {integrity: sha512-EHcyIPBQ4BSGlvjB16k5KgAJ27CIsHY/2JBmCRReo48y9rQ3MaUzWX3KVlBa4U7MyX02HdVj0K7C3WaB3ju7FQ==}

  bun-types@1.1.17:
    resolution: {integrity: sha512-Z4+OplcSd/YZq7ZsrfD00DKJeCwuNY96a1IDJyR73+cTBaFIS7SC6LhpY/W3AMEXO9iYq5NJ58WAwnwL1p5vKg==}

  bun@1.1.20:
    resolution: {integrity: sha512-aqLmvaz0/vLUiCrOXtAsf7pCSOS/qXieYDsq8COa3+fIgMK05CjZt9m9r7DC+tjKy7hH8uKSNTapQOr/kX8gIA==}
    cpu: [arm64, x64]
    os: [darwin, linux, win32]
    hasBin: true

  chai@5.1.1:
    resolution: {integrity: sha512-pT1ZgP8rPNqUgieVaEY+ryQr6Q4HXNg8Ei9UnLUrjN4IA7dvQC5JB+/kxVcPNDHyBcc/26CXPkbNzq3qwrOEKA==}
    engines: {node: '>=12'}

  chalk@4.1.2:
    resolution: {integrity: sha512-oKnbhFyRIXpUuez8iBMmyEa4nbj4IOQyuhc/wy9kY7/WVPcwIO9VA668Pu8RkO7+0G76SLROeyw9CpQ061i4mA==}
    engines: {node: '>=10'}

  chalk@5.3.0:
    resolution: {integrity: sha512-dLitG79d+GV1Nb/VYcCDFivJeK1hiukt9QjRNVOsUtTy1rR1YJsmpGGTZ3qJos+uw7WmWF4wUwBd9jxjocFC2w==}
    engines: {node: ^12.17.0 || ^14.13 || >=16.0.0}

  char-spinner@1.0.1:
    resolution: {integrity: sha512-acv43vqJ0+N0rD+Uw3pDHSxP30FHrywu2NO6/wBaHChJIizpDeBUd6NjqhNhy9LGaEAhZAXn46QzmlAvIWd16g==}

  check-error@2.1.1:
    resolution: {integrity: sha512-OAlb+T7V4Op9OwdkjmguYRqncdlx5JiofwOAUkmTF+jNdHwzTaTs4sRAGpzLF3oOz5xAyDGrPgeIDFQmDOTiJw==}
    engines: {node: '>= 16'}

  chokidar@3.6.0:
    resolution: {integrity: sha512-7VT13fmjotKpGipCW9JEQAusEPE+Ei8nl6/g4FBAmIm0GOOLMua9NDDo/DWp0ZAxCr3cPq5ZpBqmPAQgDda2Pw==}
    engines: {node: '>= 8.10.0'}

  cli-table3@0.6.5:
    resolution: {integrity: sha512-+W/5efTR7y5HRD7gACw9yQjqMVvEMLBHmboM/kPWam+H+Hmyrgjh6YncVKK122YZkXrLudzTuAukUw9FnMf7IQ==}
    engines: {node: 10.* || >= 12.*}

  color-convert@2.0.1:
    resolution: {integrity: sha512-RRECPsj7iu/xb5oKYcsFHSppFNnsj/52OVTRKb4zP5onXwVF3zVmmToNcOfGC+CRDpfK/U584fMg38ZHCaElKQ==}
    engines: {node: '>=7.0.0'}

  color-name@1.1.4:
    resolution: {integrity: sha512-dOy+3AuW3a2wNbZHIuMZpTcgjGuLU/uBL/ubcZF9OXbDo8ff4O8yVp5Bf0efS8uEoYo5q4Fx7dY9OgQGXgAsQA==}

  color-support@1.1.3:
    resolution: {integrity: sha512-qiBjkpbMLO/HL68y+lh4q0/O1MZFj2RX6X/KmMa3+gJD3z+WwI1ZzDHysvqHGS3mP6mznPckpXmw1nI9cJjyRg==}
    hasBin: true

  combined-stream@1.0.8:
    resolution: {integrity: sha512-FQN4MRfuJeHf7cBbBMJFXhKSDq+2kAArBlmRBvcvFE5BB1HZKXtSFASDhdlz9zOYwxh8lDdnvmMOe/+5cdoEdg==}
    engines: {node: '>= 0.8'}

  cross-argv@2.0.0:
    resolution: {integrity: sha512-YIaY9TR5Nxeb8SMdtrU8asWVM4jqJDNDYlKV21LxtYcfNJhp1kEsgSa6qXwXgzN0WQWGODps0+TlGp2xQSHwOg==}

  cross-spawn@7.0.3:
    resolution: {integrity: sha512-iRDPJKUPVEND7dHPO8rkbOnPpyDygcDFtWjpeWNCgy8WP2rXcxXL8TskReQl6OrB2G7+UJrags1q15Fudc7G6w==}
    engines: {node: '>= 8'}

  data-uri-to-buffer@4.0.1:
    resolution: {integrity: sha512-0R9ikRb668HB7QDxT1vkpuUBtqc53YyAwMwGeUFKRojY/NWKvdZ+9UYtRfGmhqNbRkTSVpMbmyhXipFFv2cb/A==}
    engines: {node: '>= 12'}

  deep-eql@5.0.2:
    resolution: {integrity: sha512-h5k/5U50IJJFpzfL6nO9jaaumfjO/f2NjK/oYB2Djzm4p9L+3T9qWpZqZ2hAbLPuuYq9wrU08WQyBTL5GbPk5Q==}
    engines: {node: '>=6'}

  delayed-stream@1.0.0:
    resolution: {integrity: sha512-ZySD7Nf91aLB0RxL4KGrKHBXl7Eds1DAmEdcoVawXnLD7SDhpNgtuII2aAkg7a7QS41jxPSZ17p4VdGnMHk3MQ==}
    engines: {node: '>=0.4.0'}

  eastasianwidth@0.2.0:
    resolution: {integrity: sha512-I88TYZWc9XiYHRQ4/3c5rjjfgkjhLyW2luGIheGERbNQ6OY7yTybanSpDXZa8y7VUP9YmDcYa+eyq4ca7iLqWA==}

  emoji-regex@8.0.0:
    resolution: {integrity: sha512-MSjYzcWNOA0ewAHpz0MxpYFvwg6yjy1NG3xteoqz644VCo/RPgnr1/GGt+ic3iJTzQ8Eu3TdM14SawnVUmGE6A==}

  emoji-regex@9.2.2:
    resolution: {integrity: sha512-L18DaJsXSUk2+42pv8mLs5jJT2hqFkFE4j21wOmgbUqsZ2hL72NsUU785g9RXgo3s0ZNgVl42TiHp3ZtOv/Vyg==}

  fetch-blob@3.2.0:
    resolution: {integrity: sha512-7yAQpD2UMJzLi1Dqv7qFYnPbaPx7ZfFK6PiIxQ4PfkGPyNyl2Ugx+a/umUonmKqjhM4DnfbMvdX6otXq83soQQ==}
    engines: {node: ^12.20 || >= 14.13}

  fill-range@7.1.1:
    resolution: {integrity: sha512-YsGpe3WHLK8ZYi4tWDg2Jy3ebRz2rXowDxnld4bkQB00cc/1Zw9AWnC0i9ztDJitivtQvaI9KaLyKrc+hBW0yg==}
    engines: {node: '>=8'}

  foreground-child@3.2.1:
    resolution: {integrity: sha512-PXUUyLqrR2XCWICfv6ukppP96sdFwWbNEnfEMt7jNsISjMsvaLNinAHNDYyvkyU+SZG2BTSbT5NjG+vZslfGTA==}
    engines: {node: '>=14'}

  form-data@4.0.0:
    resolution: {integrity: sha512-ETEklSGi5t0QMZuiXoA/Q6vcnxcLQP5vdugSpuAyi6SVGi2clPPp+xgEhuMaHC+zGgn31Kd235W35f7Hykkaww==}
    engines: {node: '>= 6'}

  formdata-polyfill@4.0.10:
    resolution: {integrity: sha512-buewHzMvYL29jdeQTVILecSaZKnt/RJWjoZCF5OW60Z67/GmSLBkOFM7qh1PI3zFNtJbaZL5eQu1vLfazOwj4g==}
    engines: {node: '>=12.20.0'}

  fsevents@2.3.3:
    resolution: {integrity: sha512-5xoDfX+fL7faATnagmWPpbFtwh/R77WmMMqqHGS65C3vvB0YHrgF+B1YmZ3441tMj5n63k0212XNoJwzlhffQw==}
    engines: {node: ^8.16.0 || ^10.6.0 || >=11.0.0}
    os: [darwin]

  get-func-name@2.0.2:
    resolution: {integrity: sha512-8vXOvuE167CtIc3OyItco7N/dpRtBbYOsPsXCz7X/PMnlGjYjSGuZJgM1Y7mmew7BKf9BqvLX2tnOVy1BBUsxQ==}

  glob-parent@5.1.2:
    resolution: {integrity: sha512-AOIgSQCepiJYwP3ARnGx+5VnTu2HBYdzbGP45eLw1vr3zB3vZLeyed1sC9hnbcOc9/SrMyM5RPQrkGz4aS9Zow==}
    engines: {node: '>= 6'}

  glob@10.4.5:
    resolution: {integrity: sha512-7Bv8RF0k6xjo7d4A/PxYLbUCfb6c+Vpd2/mB2yRDlew7Jb5hEXiCD9ibfO7wpk8i4sevK6DFny9h7EYbM3/sHg==}
    hasBin: true

  has-async-hooks@1.0.0:
    resolution: {integrity: sha512-YF0VPGjkxr7AyyQQNykX8zK4PvtEDsUJAPqwu06UFz1lb6EvI53sPh5H1kWxg8NXI5LsfRCZ8uX9NkYDZBb/mw==}

  has-flag@4.0.0:
    resolution: {integrity: sha512-EykJT/Q1KjTWctppgIAgfSO0tKVuZUjhgMr17kqTumMl6Afv3EISleU7qZUzoXDFTAHTDC4NOoG/ZxU3EvlMPQ==}
    engines: {node: '>=8'}

  hdr-histogram-js@3.0.0:
    resolution: {integrity: sha512-/EpvQI2/Z98mNFYEnlqJ8Ogful8OpArLG/6Tf2bPnkutBVLIeMVNHjk1ZDfshF2BUweipzbk+dB1hgSB7SIakw==}
    engines: {node: '>=14'}

  hdr-histogram-percentiles-obj@3.0.0:
    resolution: {integrity: sha512-7kIufnBqdsBGcSZLPJwqHT3yhk1QTsSlFsVD3kx5ixH/AlgBs9yM1q6DPhXZ8f8gtdqgh7N7/5btRLpQsS2gHw==}

  hono@4.5.1:
    resolution: {integrity: sha512-6q8AugoWG5wlrjdGG8OFFiqEsPlPGjODjUik48sEJeko4Tae1UsLS2vUiYHLEJx1gJvOZa4BWkQC+urwDmkEvQ==}
    engines: {node: '>=16.0.0'}

  http-parser-js@0.5.8:
    resolution: {integrity: sha512-SGeBX54F94Wgu5RH3X5jsDtf4eHyRogWX1XGT3b4HuW3tQPM4AaBzoUji/4AAJNXCEOWZ5O0DgZmJw1947gD5Q==}

  hyperdyperid@1.2.0:
    resolution: {integrity: sha512-Y93lCzHYgGWdrJ66yIktxiaGULYc6oGiABxhcO5AufBeOyoIdZF7bIfLaOrbM0iGIOXQQgxxRrFEnb+Y6w1n4A==}
    engines: {node: '>=10.18'}

  hyperid@3.2.0:
    resolution: {integrity: sha512-PdTtDo+Rmza9nEhTunaDSUKwbC69TIzLEpZUwiB6f+0oqmY0UPfhyHCPt6K1NQ4WFv5yJBTG5vELztVWP+nEVQ==}

  ieee754@1.2.1:
    resolution: {integrity: sha512-dcyqhDvX1C46lXZcVqCpK+FtMRQVdIMN6/Df5js2zouUsqG7I6sFxitIC+7KYK29KdXOLHdu9zL4sFnoVQnqaA==}

  is-binary-path@2.1.0:
    resolution: {integrity: sha512-ZMERYes6pDydyuGidse7OsHxtbI7WVeUEozgR/g7rd0xUimYNlvZRE/K2MgZTjWy725IfelLeVcEM97mmtRGXw==}
    engines: {node: '>=8'}

  is-extglob@2.1.1:
    resolution: {integrity: sha512-SbKbANkN603Vi4jEZv49LeVJMn4yGwsbzZworEoyEiutsN3nJYdbO36zfhGJ6QEDpOZIFkDtnq5JRxmvl3jsoQ==}
    engines: {node: '>=0.10.0'}

  is-fullwidth-code-point@3.0.0:
    resolution: {integrity: sha512-zymm5+u+sCsSWyD9qNaejV3DFvhCKclKdizYaJUuHA83RLjb7nSuGnddCHGv0hk+KY7BMAlsWeK4Ueg6EV6XQg==}
    engines: {node: '>=8'}

  is-glob@4.0.3:
    resolution: {integrity: sha512-xelSayHH36ZgE7ZWhli7pW34hNbNl8Ojv5KVmkJD4hBdD3th8Tfk9vYasLM+mXWOZhFkgZfxhLSnrwRr4elSSg==}
    engines: {node: '>=0.10.0'}

  is-number@7.0.0:
    resolution: {integrity: sha512-41Cifkg6e8TylSpdtTpeLVMqvSBEVzTttHvERD741+pnZ8ANv0004MRL43QKPDlK9cGvNp6NZWZUBlbGXYxxng==}
    engines: {node: '>=0.12.0'}

  isexe@2.0.0:
    resolution: {integrity: sha512-RHxMLp9lnKHGHRng9QFhRCMbYAcVpn69smSGcq3f36xjgVVWThj4qqLbTLlq7Ssj8B+fIQ1EuCEGI2lKsyQeIw==}

  jackspeak@3.4.3:
    resolution: {integrity: sha512-OGlZQpz2yfahA/Rd1Y8Cd9SIEsqvXkLVoSw/cgwhnhFMDbsQFeZYoJJ7bIZBS9BcamUW96asq/npPWugM+RQBw==}

  lodash.chunk@4.2.0:
    resolution: {integrity: sha512-ZzydJKfUHJwHa+hF5X66zLFCBrWn5GeF28OHEr4WVWtNDXlQ/IjWKPBiikqKo2ne0+v6JgCgJ0GzJp8k8bHC7w==}

  lodash.clonedeep@4.5.0:
    resolution: {integrity: sha512-H5ZhCF25riFd9uB5UCkVKo61m3S/xZk1x4wA6yp/L3RFP6Z/eHH1ymQcGLo7J3GMPfm0V/7m1tryHuGVxpqEBQ==}

  lodash.flatten@4.4.0:
    resolution: {integrity: sha512-C5N2Z3DgnnKr0LOpv/hKCgKdb7ZZwafIrsesve6lmzvZIRZRGaZ/l6Q8+2W7NaT+ZwO3fFlSCzCzrDCFdJfZ4g==}

  loupe@3.1.1:
    resolution: {integrity: sha512-edNu/8D5MKVfGVFRhFf8aAxiTM6Wumfz5XsaatSxlD3w4R1d/WEKUTydCdPGbl9K7QG/Ca3GnDV2sIKIpXRQcw==}

  lru-cache@10.4.3:
    resolution: {integrity: sha512-JNAzZcXrCt42VGLuYz0zfAzDfAvJWW6AfYlDBQyDV5DClI2m5sAmK+OIO7s59XfsRsWHp02jAJrRadPRGTt6SQ==}

  manage-path@2.0.0:
    resolution: {integrity: sha512-NJhyB+PJYTpxhxZJ3lecIGgh4kwIY2RAh44XvAz9UlqthlQwtPBf62uBVR8XaD8CRuSjQ6TnZH2lNJkbLPZM2A==}

  memfs@4.9.4:
    resolution: {integrity: sha512-Xlj8b2rU11nM6+KU6wC7cuWcHQhVINWCUgdPS4Ar9nPxLaOya3RghqK7ALyDW2QtGebYAYs6uEdEVnwPVT942A==}
    engines: {node: '>= 4.0.0'}

  mime-db@1.52.0:
    resolution: {integrity: sha512-sPU4uV7dYlvtWJxwwxHD0PuihVNiE7TyAbQ5SWxDCB9mUYvOgroQOwYQQOKPJ8CIbE+1ETVlOoK1UC2nU3gYvg==}
    engines: {node: '>= 0.6'}

  mime-types@2.1.35:
    resolution: {integrity: sha512-ZDY+bPm5zTTF+YpCrAU9nK0UgICYPT0QtT1NZWFv4s++TNkcgVaT0g6+4R2uI4MjQjzysHB1zxuWL50hzaeXiw==}
    engines: {node: '>= 0.6'}

  minimatch@9.0.5:
    resolution: {integrity: sha512-G6T0ZX48xgozx7587koeX9Ys2NYy6Gmv//P89sEte9V9whIapMNF4idKxnW2QtCcLiTWlb/wfCabAtAFWhhBow==}
    engines: {node: '>=16 || 14 >=14.17'}

  minimist@1.2.8:
    resolution: {integrity: sha512-2yyAR8qBkN3YuheJanUpWC5U3bb5osDywNB8RzDVlDwDHbocAJveqqj1u8+SVD7jkWT4yvsHCpWqqWqAxb0zCA==}

  minipass@7.1.2:
    resolution: {integrity: sha512-qOOzS1cBTWYF4BH8fVePDBOO9iptMnGUEZwNc/cMWnTV2nVLZ7VoNWEPHkYczZA0pdoA7dl6e7FL659nX9S2aw==}
    engines: {node: '>=16 || 14 >=14.17'}

  mkdirp@3.0.1:
    resolution: {integrity: sha512-+NsyUUAZDmo6YVHzL/stxSu3t9YS1iljliy3BSDrXJ/dkn1KYdmtZODGGjLcc9XLgVVpH4KshHB8XmZgMhaBXg==}
    engines: {node: '>=10'}
    hasBin: true

  node-domexception@1.0.0:
    resolution: {integrity: sha512-/jKZoMpw0F8GRwl4/eLROPA3cfcXtLApP0QzLmUT/HuPCZWyB7IY9ZrMeKw2O/nFIqPQB3PVM9aYm0F312AXDQ==}
    engines: {node: '>=10.5.0'}

  node-fetch@3.3.2:
    resolution: {integrity: sha512-dRB78srN/l6gqWulah9SrxeYnxeddIG30+GOqK/9OlLVyLg3HPnr6SqOWTWOXKRwC2eGYCkZ59NNuSgvSrpgOA==}
    engines: {node: ^12.20.0 || ^14.13.1 || >=16.0.0}

  normalize-path@3.0.0:
    resolution: {integrity: sha512-6eZs5Ls3WtCisHWp9S2GUy8dqkpGi4BVSz3GaqiE6ezub0512ESztXUwUB6C6IKbQkY2Pnb/mD4WYojCRwcwLA==}
    engines: {node: '>=0.10.0'}

  on-net-listen@1.1.2:
    resolution: {integrity: sha512-y1HRYy8s/RlcBvDUwKXSmkODMdx4KSuIvloCnQYJ2LdBBC1asY4HtfhXwe3UWknLakATZDnbzht2Ijw3M1EqFg==}
    engines: {node: '>=9.4.0 || ^8.9.4'}

  openapi3-ts@4.3.3:
    resolution: {integrity: sha512-LKkzBGJcZ6wdvkKGMoSvpK+0cbN5Xc3XuYkJskO+vjEQWJgs1kgtyUk0pjf8KwPuysv323Er62F5P17XQl96Qg==}

  package-json-from-dist@1.0.0:
    resolution: {integrity: sha512-dATvCeZN/8wQsGywez1mzHtTlP22H8OEfPrVMLNr4/eGa+ijtLn/6M5f0dY8UKNrC2O9UCU6SSoG3qRKnt7STw==}

  pako@1.0.11:
    resolution: {integrity: sha512-4hLB8Py4zZce5s4yd9XzopqwVv/yGNhV1Bl8NTmCq1763HeK2+EwVTv+leGeL13Dnh2wfbqowVPXCIO0z4taYw==}

  path-key@3.1.1:
    resolution: {integrity: sha512-ojmeN0qd+y0jszEtoY48r0Peq5dwMEkIlCOu6Q5f41lfkswXuKtYrhgoTpLnyIcHm24Uhqx+5Tqm2InSwLhE6Q==}
    engines: {node: '>=8'}

  path-scurry@1.11.1:
    resolution: {integrity: sha512-Xa4Nw17FS9ApQFJ9umLiJS4orGjm7ZzwUrwamcGQuHSzDyth9boKDaycYdDcZDuqYATXw4HFXgaqWTctW/v1HA==}
    engines: {node: '>=16 || 14 >=14.18'}

  pathval@2.0.0:
    resolution: {integrity: sha512-vE7JKRyES09KiunauX7nd2Q9/L7lhok4smP9RZTDeD4MVs72Dp2qNFVz39Nz5a0FVEW0BJR6C0DYrq6unoziZA==}
    engines: {node: '>= 14.16'}

  picomatch@2.3.1:
    resolution: {integrity: sha512-JU3teHTNjmE2VCGFzuY8EXzCDVwEqB2a8fsIvwaStHhAWJEeVd1o1QD80CU6+ZdEXXSLbSsuLwJjkCBWqRQUVA==}
    engines: {node: '>=8.6'}

  polite-json@5.0.0:
    resolution: {integrity: sha512-OLS/0XeUAcE8a2fdwemNja+udKgXNnY6yKVIXqAD2zVRx1KvY6Ato/rZ2vdzbxqYwPW0u6SCNC/bAMPNzpzxbw==}
    engines: {node: ^14.17.0 || ^16.13.0 || >=18.0.0}

  poolifier-web-worker@0.4.16:
    resolution: {integrity: sha512-iZjNangKoegjqC50POfuz+oFdkgIPcp3P+I4ry/WPrXqt2QdXJ1CjsDssVN3XyGA6r+oZh45aopARoi5RLTAVw==}

  pretty-bytes@5.6.0:
    resolution: {integrity: sha512-FFw039TmrBqFK8ma/7OL3sDz/VytdtJr044/QUJtH0wK9lb9jLq9tJyIxUwtQJHwar2BqtiA4iCWSwo9JLkzFg==}
    engines: {node: '>=6'}

  progress@2.0.3:
    resolution: {integrity: sha512-7PiHtLll5LdnKIMw100I+8xJXR5gW2QwWYkT6iJva0bXitZKa/XMrSbdmg3r2Xnaidz9Qumd0VPaMrZlF9V9sA==}
    engines: {node: '>=0.4.0'}

  quickjs-emscripten-core@0.29.2:
    resolution: {integrity: sha512-jEAiURW4jGqwO/fW01VwlWqa2G0AJxnN5FBy1xnVu8VIVhVhiaxUfCe+bHqS6zWzfjFm86HoO40lzpteusvyJA==}

  quickjs-emscripten@0.29.2:
    resolution: {integrity: sha512-SlvkvyZgarReu2nr4rkf+xz1vN0YDUz7sx4WHz8LFtK6RNg4/vzAGcFjE7nfHYBEbKrzfIWvKnMnxZkctQ898w==}
    engines: {node: '>=16.0.0'}

  rate-limiter-flexible@5.0.3:
    resolution: {integrity: sha512-lWx2y8NBVlTOLPyqs+6y7dxfEpT6YFqKy3MzWbCy95sTTOhOuxufP2QvRyOHpfXpB9OUJPbVLybw3z3AVAS5fA==}

  readdirp@3.6.0:
    resolution: {integrity: sha512-hOS089on8RduqdbhvQ5Z37A0ESjsqz6qnRcffsMU3495FuTdqSm+7bhJ29JvIOsBDEEnan5DPu9t3To9VRlMzA==}
    engines: {node: '>=8.10.0'}

  reinterval@1.1.0:
    resolution: {integrity: sha512-QIRet3SYrGp0HUHO88jVskiG6seqUGC5iAG7AwI/BV4ypGcuqk9Du6YQBUOUqm9c8pw1eyLoIaONifRua1lsEQ==}

  resolve-import@1.4.6:
    resolution: {integrity: sha512-CIw9e64QcKcCFUj9+KxUCJPy8hYofv6eVfo3U9wdhCm2E4IjvFnZ6G4/yIC4yP3f11+h6uU5b3LdS7O64LgqrA==}
    engines: {node: 16 >=16.17.0 || 18 >= 18.6.0 || >=20}

  retimer@3.0.0:
    resolution: {integrity: sha512-WKE0j11Pa0ZJI5YIk0nflGI7SQsfl2ljihVy7ogh7DeQSeYAUi0ubZ/yEueGtDfUPk6GH5LRw1hBdLq4IwUBWA==}

  rimraf@5.0.9:
    resolution: {integrity: sha512-3i7b8OcswU6CpU8Ej89quJD4O98id7TtVM5U4Mybh84zQXdrFmDLouWBEEaD/QfO3gDDfH+AGFCGsR7kngzQnA==}
    engines: {node: 14 >=14.20 || 16 >=16.20 || >=18}
    hasBin: true

  semver@7.6.3:
    resolution: {integrity: sha512-oVekP1cKtI+CTDvHWYFUcMtsK/00wmAEfyqKfNdARm8u1wNVhSgaX7A8d4UuIlUI5e84iEwOhs7ZPYRmzU9U6A==}
    engines: {node: '>=10'}
    hasBin: true

  shebang-command@2.0.0:
    resolution: {integrity: sha512-kHxr2zZpYtdmrN1qDjrrX/Z1rR1kG8Dx+gkpK1G4eXmvXswmcE1hTWBWYUzlraYw1/yZp6YuDY77YtvbN0dmDA==}
    engines: {node: '>=8'}

  shebang-regex@3.0.0:
    resolution: {integrity: sha512-7++dFhtcx3353uBaq8DDR4NuxBetBzC7ZQOhmTQInHEd6bSrXdiEyzCvG07Z44UYdLShWUyXt5M/yhz8ekcb1A==}
    engines: {node: '>=8'}

  signal-exit@4.1.0:
    resolution: {integrity: sha512-bzyZ1e88w9O1iNJbKnOlvYTrWPDl46O1bG0D3XInv+9tkPrxrN8jUUTiFlDkkmKWgn1M6CfIA13SuGqOa9Korw==}
    engines: {node: '>=14'}

  string-width@4.2.3:
    resolution: {integrity: sha512-wKyQRQpjJ0sIp62ErSZdGsjMJWsap5oRNihHhu6G7JVO/9jIB6UyevL+tXuOqrng8j/cxKTWyWUwvSTriiZz/g==}
    engines: {node: '>=8'}

  string-width@5.1.2:
    resolution: {integrity: sha512-HnLOCR3vjcY8beoNLtcjZ5/nxn2afmME6lhrDrebokqMap+XbeW8n9TXpPDOqdGK5qcI3oT0GKTW6wC7EMiVqA==}
    engines: {node: '>=12'}

  strip-ansi@6.0.1:
    resolution: {integrity: sha512-Y38VPSHcqkFrCpFnQ9vuSXmquuv5oXOKpGeT6aGrr3o3Gc9AlVa6JBfUSOCnbxGGZF+/0ooI7KrPuUSztUdU5A==}
    engines: {node: '>=8'}

  strip-ansi@7.1.0:
    resolution: {integrity: sha512-iq6eVVI64nQQTRYq2KtEg2d2uU7LElhTJwsH4YzIHZshxlgZms/wIc4VoDQTlG/IvVIrBKG06CrZnp0qv7hkcQ==}
    engines: {node: '>=12'}

  subarg@1.0.0:
    resolution: {integrity: sha512-RIrIdRY0X1xojthNcVtgT9sjpOGagEUKpZdgBUi054OEPFo282yg+zE+t1Rj3+RqKq2xStL7uUHhY+AjbC4BXg==}

  supports-color@7.2.0:
    resolution: {integrity: sha512-qpCAvRl9stuOHveKsn7HncJRvv501qIacKzQlO/+Lwxc9+0q2wLyv4Dfvt80/DPn2pqOBsJdDiogXGR9+OvwRw==}
    engines: {node: '>=8'}

  sync-content@1.0.2:
    resolution: {integrity: sha512-znd3rYiiSxU3WteWyS9a6FXkTA/Wjk8WQsOyzHbineeL837dLn3DA4MRhsIX3qGcxDMH6+uuFV4axztssk7wEQ==}
    engines: {node: '>=14'}
    hasBin: true

  thingies@1.21.0:
    resolution: {integrity: sha512-hsqsJsFMsV+aD4s3CWKk85ep/3I9XzYV/IXaSouJMYIoDlgyi11cBhsqYe9/geRfB0YIikBQg6raRaM+nIMP9g==}
    engines: {node: '>=10.18'}
    peerDependencies:
      tslib: ^2

  timestring@6.0.0:
    resolution: {integrity: sha512-wMctrWD2HZZLuIlchlkE2dfXJh7J2KDI9Dwl+2abPYg0mswQHfOAyQW3jJg1pY5VfttSINZuKcXoB3FGypVklA==}
    engines: {node: '>=8'}

  to-regex-range@5.0.1:
    resolution: {integrity: sha512-65P7iz6X5yEr1cwcgvQxbbIw7Uk3gOy5dIdtZ4rDveLqhrdJP+Li/Hx6tyK0NEb+2GCyneCMJiGqrADCSNk8sQ==}
    engines: {node: '>=8.0'}

  tree-dump@1.0.2:
    resolution: {integrity: sha512-dpev9ABuLWdEubk+cIaI9cHwRNNDjkBBLXTwI4UCUFdQ5xXKqNXoK4FEciw/vxf+NQ7Cb7sGUyeUtORvHIdRXQ==}
    engines: {node: '>=10.0'}
    peerDependencies:
      tslib: '2'

  tshy@1.18.0:
    resolution: {integrity: sha512-FQudIujBazHRu7CVPHKQE9/Xq1Wc7lezxD/FCnTXx2PTcnoSN32DVpb/ZXvzV2NJBTDB3XKjqX8Cdm+2UK1DlQ==}
    engines: {node: 16 >=16.17 || 18 >=18.15.0 || >=20.6.1}
    hasBin: true

  tslib@2.6.3:
    resolution: {integrity: sha512-xNvxJEOUiWPGhUuUdQgAJPKOOJfGnIyKySOc09XkKsgdUV/3E2zvwZYdejjmRgPCgcym1juLH3226yA7sEFJKQ==}

  typescript@5.5.4:
    resolution: {integrity: sha512-Mtq29sKDAEYP7aljRgtPOpTvOfbwRWlS6dPRzwjdE+C0R4brX/GUyhHSecbHMFLNBLcJIPt9nl9yG5TZ1weH+Q==}
    engines: {node: '>=14.17'}
    hasBin: true

  undici-types@5.26.5:
    resolution: {integrity: sha512-JlCMO+ehdEIKqlFxk6IfVoAUVmgz7cU7zD/h9XZ0qzeosSHmUJVOzSQvvYSYWXkFXC+IfLKSIffhv0sVZup6pA==}

  uuid-parse@1.1.0:
    resolution: {integrity: sha512-OdmXxA8rDsQ7YpNVbKSJkNzTw2I+S5WsbMDnCtIWSQaosNAcWtFuI/YK1TjzUI6nbkgiqEyh8gWngfcv8Asd9A==}

  uuid@8.3.2:
    resolution: {integrity: sha512-+NYs2QeMWy+GWFOEm9xnn6HCDp0l7QBD7ml8zLUmJ+93Q5NF0NocErnwkTkXVFNiX3/fpC6afS8Dhb/gz7R7eg==}
    hasBin: true

  validate-npm-package-name@5.0.1:
    resolution: {integrity: sha512-OljLrQ9SQdOUqTaQxqL5dEfZWrXExyyWsozYlAWFawPVNuD83igl7uJD2RTkNMbniIYgt8l81eCJGIdQF7avLQ==}
    engines: {node: ^14.17.0 || ^16.13.0 || >=18.0.0}

  walk-up-path@3.0.1:
    resolution: {integrity: sha512-9YlCL/ynK3CTlrSRrDxZvUauLzAswPCrsaCgilqFevUYpeEW0/3ScEjaa3kbW/T0ghhkEr7mv+fpjqn1Y1YuTA==}

  web-streams-polyfill@3.3.3:
    resolution: {integrity: sha512-d2JWLCivmZYTSIoge9MsgFCZrt571BikcWGYkjC1khllbTeDlGqZ2D8vD8E/lJa8WGWbb7Plm8/XJYV7IJHZZw==}
    engines: {node: '>= 8'}

  which@2.0.2:
    resolution: {integrity: sha512-BLI3Tl1TW3Pvl70l3yq3Y64i+awpwXqsGBYWkkqMtnbXgrMD+yj7rhW0kuEDxzJaYXGjEW5ogapKNMEKNMjibA==}
    engines: {node: '>= 8'}
    hasBin: true

  wrap-ansi@7.0.0:
    resolution: {integrity: sha512-YVGIj2kamLSTxw6NsZjoBxfSwsn0ycdesmc4p+Q21c5zPuZ1pl+NfxVdxPtdHvmNVOQ6XSYG4AUtyt/Fi7D16Q==}
    engines: {node: '>=10'}

  wrap-ansi@8.1.0:
    resolution: {integrity: sha512-si7QWI6zUMq56bESFvagtmzMdGOtoxfR+Sez11Mobfc7tm+VkUckk9bW2UeffTGVUbOksxmSw0AA2gs8g71NCQ==}
    engines: {node: '>=12'}

  yaml@2.4.5:
    resolution: {integrity: sha512-aBx2bnqDzVOyNKfsysjA2ms5ZlnjSAW2eG3/L5G/CSujfjLJTJsEw1bGw8kCf04KodQWk1pxlGnZ56CRxiawmg==}
    engines: {node: '>= 14'}
    hasBin: true

  zod@3.23.8:
    resolution: {integrity: sha512-XBx9AXhXktjUqnepgTiE5flcKIYWi/rme0Eaj+5Y0lftuGBq+jyRu/md4WnuxqgP1ubdpNCsYEYPxrzVHD8d6g==}

snapshots:

  '@assemblyscript/loader@0.19.23': {}

  '@asteasolutions/zod-to-openapi@7.1.1(zod@3.23.8)':
    dependencies:
      openapi3-ts: 4.3.3
      zod: 3.23.8

  '@biomejs/biome@1.8.3':
    optionalDependencies:
      '@biomejs/cli-darwin-arm64': 1.8.3
      '@biomejs/cli-darwin-x64': 1.8.3
      '@biomejs/cli-linux-arm64': 1.8.3
      '@biomejs/cli-linux-arm64-musl': 1.8.3
      '@biomejs/cli-linux-x64': 1.8.3
      '@biomejs/cli-linux-x64-musl': 1.8.3
      '@biomejs/cli-win32-arm64': 1.8.3
      '@biomejs/cli-win32-x64': 1.8.3

  '@biomejs/cli-darwin-arm64@1.8.3':
    optional: true

  '@biomejs/cli-darwin-x64@1.8.3':
    optional: true

  '@biomejs/cli-linux-arm64-musl@1.8.3':
    optional: true

  '@biomejs/cli-linux-arm64@1.8.3':
    optional: true

  '@biomejs/cli-linux-x64-musl@1.8.3':
    optional: true

  '@biomejs/cli-linux-x64@1.8.3':
    optional: true

  '@biomejs/cli-win32-arm64@1.8.3':
    optional: true

  '@biomejs/cli-win32-x64@1.8.3':
    optional: true

  '@colors/colors@1.5.0':
    optional: true

  '@hono/swagger-ui@0.3.0(hono@4.5.1)':
    dependencies:
      hono: 4.5.1

  '@hono/zod-openapi@0.14.9(hono@4.5.1)(zod@3.23.8)':
    dependencies:
      '@asteasolutions/zod-to-openapi': 7.1.1(zod@3.23.8)
      '@hono/zod-validator': 0.2.2(hono@4.5.1)(zod@3.23.8)
      hono: 4.5.1
      zod: 3.23.8

  '@hono/zod-validator@0.2.2(hono@4.5.1)(zod@3.23.8)':
    dependencies:
      hono: 4.5.1
      zod: 3.23.8

  '@isaacs/cliui@8.0.2':
    dependencies:
      string-width: 5.1.2
      string-width-cjs: string-width@4.2.3
      strip-ansi: 7.1.0
      strip-ansi-cjs: strip-ansi@6.0.1
      wrap-ansi: 8.1.0
      wrap-ansi-cjs: wrap-ansi@7.0.0

  '@jitl/quickjs-ffi-types@0.29.2': {}

  '@jitl/quickjs-ng-wasmfile-release-asyncify@0.29.2':
    dependencies:
      '@jitl/quickjs-ffi-types': 0.29.2

  '@jitl/quickjs-wasmfile-debug-asyncify@0.29.2':
    dependencies:
      '@jitl/quickjs-ffi-types': 0.29.2

  '@jitl/quickjs-wasmfile-debug-sync@0.29.2':
    dependencies:
      '@jitl/quickjs-ffi-types': 0.29.2

  '@jitl/quickjs-wasmfile-release-asyncify@0.29.2':
    dependencies:
      '@jitl/quickjs-ffi-types': 0.29.2

  '@jitl/quickjs-wasmfile-release-sync@0.29.2':
    dependencies:
      '@jitl/quickjs-ffi-types': 0.29.2

  '@jsonjoy.com/base64@1.1.2(tslib@2.6.3)':
    dependencies:
      tslib: 2.6.3

  '@jsonjoy.com/json-pack@1.0.4(tslib@2.6.3)':
    dependencies:
      '@jsonjoy.com/base64': 1.1.2(tslib@2.6.3)
      '@jsonjoy.com/util': 1.2.0(tslib@2.6.3)
      hyperdyperid: 1.2.0
      thingies: 1.21.0(tslib@2.6.3)
      tslib: 2.6.3

  '@jsonjoy.com/util@1.2.0(tslib@2.6.3)':
    dependencies:
      tslib: 2.6.3

  '@oven/bun-darwin-aarch64@1.1.20':
    optional: true

  '@oven/bun-darwin-x64-baseline@1.1.20':
    optional: true

  '@oven/bun-darwin-x64@1.1.20':
    optional: true

  '@oven/bun-linux-aarch64@1.1.20':
    optional: true

  '@oven/bun-linux-x64-baseline@1.1.20':
    optional: true

  '@oven/bun-linux-x64@1.1.20':
    optional: true

  '@oven/bun-windows-x64-baseline@1.1.20':
    optional: true

  '@oven/bun-windows-x64@1.1.20':
    optional: true

  '@pkgjs/parseargs@0.11.0':
    optional: true

  '@types/autocannon@7.12.5':
    dependencies:
      '@types/node': 20.14.12

  '@types/bun@1.1.6':
    dependencies:
      bun-types: 1.1.17

  '@types/node@20.12.14':
    dependencies:
      undici-types: 5.26.5

  '@types/node@20.14.12':
    dependencies:
      undici-types: 5.26.5

  '@types/ws@8.5.11':
    dependencies:
      '@types/node': 20.14.12

  ansi-regex@5.0.1: {}

  ansi-regex@6.0.1: {}

  ansi-styles@4.3.0:
    dependencies:
      color-convert: 2.0.1

  ansi-styles@6.2.1: {}

  anymatch@3.1.3:
    dependencies:
      normalize-path: 3.0.0
      picomatch: 2.3.1

  assertion-error@2.0.1: {}

  asynckit@0.4.0: {}

  autocannon@7.15.0:
    dependencies:
      chalk: 4.1.2
      char-spinner: 1.0.1
      cli-table3: 0.6.5
      color-support: 1.1.3
      cross-argv: 2.0.0
      form-data: 4.0.0
      has-async-hooks: 1.0.0
      hdr-histogram-js: 3.0.0
      hdr-histogram-percentiles-obj: 3.0.0
      http-parser-js: 0.5.8
      hyperid: 3.2.0
      lodash.chunk: 4.2.0
      lodash.clonedeep: 4.5.0
      lodash.flatten: 4.4.0
      manage-path: 2.0.0
      on-net-listen: 1.1.2
      pretty-bytes: 5.6.0
      progress: 2.0.3
      reinterval: 1.1.0
      retimer: 3.0.0
      semver: 7.6.3
      subarg: 1.0.0
      timestring: 6.0.0

  balanced-match@1.0.2: {}

  base64-js@1.5.1: {}

  binary-extensions@2.3.0: {}

  brace-expansion@2.0.1:
    dependencies:
      balanced-match: 1.0.2

  braces@3.0.3:
    dependencies:
      fill-range: 7.1.1

  buffer@5.7.1:
    dependencies:
      base64-js: 1.5.1
      ieee754: 1.2.1

  bun-types@1.1.17:
    dependencies:
      '@types/node': 20.12.14
      '@types/ws': 8.5.11

  bun@1.1.20:
    optionalDependencies:
      '@oven/bun-darwin-aarch64': 1.1.20
      '@oven/bun-darwin-x64': 1.1.20
      '@oven/bun-darwin-x64-baseline': 1.1.20
      '@oven/bun-linux-aarch64': 1.1.20
      '@oven/bun-linux-x64': 1.1.20
      '@oven/bun-linux-x64-baseline': 1.1.20
      '@oven/bun-windows-x64': 1.1.20
      '@oven/bun-windows-x64-baseline': 1.1.20

  chai@5.1.1:
    dependencies:
      assertion-error: 2.0.1
      check-error: 2.1.1
      deep-eql: 5.0.2
      loupe: 3.1.1
      pathval: 2.0.0

  chalk@4.1.2:
    dependencies:
      ansi-styles: 4.3.0
      supports-color: 7.2.0

  chalk@5.3.0: {}

  char-spinner@1.0.1: {}

  check-error@2.1.1: {}

  chokidar@3.6.0:
    dependencies:
      anymatch: 3.1.3
      braces: 3.0.3
      glob-parent: 5.1.2
      is-binary-path: 2.1.0
      is-glob: 4.0.3
      normalize-path: 3.0.0
      readdirp: 3.6.0
    optionalDependencies:
      fsevents: 2.3.3

  cli-table3@0.6.5:
    dependencies:
      string-width: 4.2.3
    optionalDependencies:
      '@colors/colors': 1.5.0

  color-convert@2.0.1:
    dependencies:
      color-name: 1.1.4

  color-name@1.1.4: {}

  color-support@1.1.3: {}

  combined-stream@1.0.8:
    dependencies:
      delayed-stream: 1.0.0

  cross-argv@2.0.0: {}

  cross-spawn@7.0.3:
    dependencies:
      path-key: 3.1.1
      shebang-command: 2.0.0
      which: 2.0.2

  data-uri-to-buffer@4.0.1: {}

  deep-eql@5.0.2: {}

  delayed-stream@1.0.0: {}

  eastasianwidth@0.2.0: {}

  emoji-regex@8.0.0: {}

  emoji-regex@9.2.2: {}

  fetch-blob@3.2.0:
    dependencies:
      node-domexception: 1.0.0
      web-streams-polyfill: 3.3.3

  fill-range@7.1.1:
    dependencies:
      to-regex-range: 5.0.1

  foreground-child@3.2.1:
    dependencies:
      cross-spawn: 7.0.3
      signal-exit: 4.1.0

  form-data@4.0.0:
    dependencies:
      asynckit: 0.4.0
      combined-stream: 1.0.8
      mime-types: 2.1.35

  formdata-polyfill@4.0.10:
    dependencies:
      fetch-blob: 3.2.0

  fsevents@2.3.3:
    optional: true

  get-func-name@2.0.2: {}

  glob-parent@5.1.2:
    dependencies:
      is-glob: 4.0.3

  glob@10.4.5:
    dependencies:
      foreground-child: 3.2.1
      jackspeak: 3.4.3
      minimatch: 9.0.5
      minipass: 7.1.2
      package-json-from-dist: 1.0.0
      path-scurry: 1.11.1

  has-async-hooks@1.0.0: {}

  has-flag@4.0.0: {}

  hdr-histogram-js@3.0.0:
    dependencies:
      '@assemblyscript/loader': 0.19.23
      base64-js: 1.5.1
      pako: 1.0.11

  hdr-histogram-percentiles-obj@3.0.0: {}

  hono@4.5.1: {}

  http-parser-js@0.5.8: {}

  hyperdyperid@1.2.0: {}

  hyperid@3.2.0:
    dependencies:
      buffer: 5.7.1
      uuid: 8.3.2
      uuid-parse: 1.1.0

  ieee754@1.2.1: {}

  is-binary-path@2.1.0:
    dependencies:
      binary-extensions: 2.3.0

  is-extglob@2.1.1: {}

  is-fullwidth-code-point@3.0.0: {}

  is-glob@4.0.3:
    dependencies:
      is-extglob: 2.1.1

  is-number@7.0.0: {}

  isexe@2.0.0: {}

  jackspeak@3.4.3:
    dependencies:
      '@isaacs/cliui': 8.0.2
    optionalDependencies:
      '@pkgjs/parseargs': 0.11.0

  lodash.chunk@4.2.0: {}

  lodash.clonedeep@4.5.0: {}

  lodash.flatten@4.4.0: {}

  loupe@3.1.1:
    dependencies:
      get-func-name: 2.0.2

  lru-cache@10.4.3: {}

  manage-path@2.0.0: {}

  memfs@4.9.4:
    dependencies:
      '@jsonjoy.com/json-pack': 1.0.4(tslib@2.6.3)
      '@jsonjoy.com/util': 1.2.0(tslib@2.6.3)
      tree-dump: 1.0.2(tslib@2.6.3)
      tslib: 2.6.3

  mime-db@1.52.0: {}

  mime-types@2.1.35:
    dependencies:
      mime-db: 1.52.0

  minimatch@9.0.5:
    dependencies:
      brace-expansion: 2.0.1

  minimist@1.2.8: {}

  minipass@7.1.2: {}

  mkdirp@3.0.1: {}

  node-domexception@1.0.0: {}

  node-fetch@3.3.2:
    dependencies:
      data-uri-to-buffer: 4.0.1
      fetch-blob: 3.2.0
      formdata-polyfill: 4.0.10

  normalize-path@3.0.0: {}

  on-net-listen@1.1.2: {}

  openapi3-ts@4.3.3:
    dependencies:
      yaml: 2.4.5

  package-json-from-dist@1.0.0: {}

  pako@1.0.11: {}

  path-key@3.1.1: {}

  path-scurry@1.11.1:
    dependencies:
      lru-cache: 10.4.3
      minipass: 7.1.2

  pathval@2.0.0: {}

  picomatch@2.3.1: {}

  polite-json@5.0.0: {}

  poolifier-web-worker@0.4.16: {}

  pretty-bytes@5.6.0: {}

  progress@2.0.3: {}

  quickjs-emscripten-core@0.29.2:
    dependencies:
      '@jitl/quickjs-ffi-types': 0.29.2

  quickjs-emscripten@0.29.2:
    dependencies:
      '@jitl/quickjs-wasmfile-debug-asyncify': 0.29.2
      '@jitl/quickjs-wasmfile-debug-sync': 0.29.2
      '@jitl/quickjs-wasmfile-release-asyncify': 0.29.2
      '@jitl/quickjs-wasmfile-release-sync': 0.29.2
      quickjs-emscripten-core: 0.29.2

  rate-limiter-flexible@5.0.3: {}

  readdirp@3.6.0:
    dependencies:
      picomatch: 2.3.1

  reinterval@1.1.0: {}

  resolve-import@1.4.6:
    dependencies:
      glob: 10.4.5
      walk-up-path: 3.0.1

  retimer@3.0.0: {}

  rimraf@5.0.9:
    dependencies:
      glob: 10.4.5

  semver@7.6.3: {}

  shebang-command@2.0.0:
    dependencies:
      shebang-regex: 3.0.0

  shebang-regex@3.0.0: {}

  signal-exit@4.1.0: {}

  string-width@4.2.3:
    dependencies:
      emoji-regex: 8.0.0
      is-fullwidth-code-point: 3.0.0
      strip-ansi: 6.0.1

  string-width@5.1.2:
    dependencies:
      eastasianwidth: 0.2.0
      emoji-regex: 9.2.2
      strip-ansi: 7.1.0

  strip-ansi@6.0.1:
    dependencies:
      ansi-regex: 5.0.1

  strip-ansi@7.1.0:
    dependencies:
      ansi-regex: 6.0.1

  subarg@1.0.0:
    dependencies:
      minimist: 1.2.8

  supports-color@7.2.0:
    dependencies:
      has-flag: 4.0.0

  sync-content@1.0.2:
    dependencies:
      glob: 10.4.5
      mkdirp: 3.0.1
      path-scurry: 1.11.1
      rimraf: 5.0.9

  thingies@1.21.0(tslib@2.6.3):
    dependencies:
      tslib: 2.6.3

  timestring@6.0.0: {}

  to-regex-range@5.0.1:
    dependencies:
      is-number: 7.0.0

  tree-dump@1.0.2(tslib@2.6.3):
    dependencies:
      tslib: 2.6.3

  tshy@1.18.0:
    dependencies:
      chalk: 5.3.0
      chokidar: 3.6.0
      foreground-child: 3.2.1
      minimatch: 9.0.5
      mkdirp: 3.0.1
      polite-json: 5.0.0
      resolve-import: 1.4.6
      rimraf: 5.0.9
      sync-content: 1.0.2
      typescript: 5.5.4
      walk-up-path: 3.0.1

  tslib@2.6.3: {}

  typescript@5.5.4: {}

  undici-types@5.26.5: {}

  uuid-parse@1.1.0: {}

  uuid@8.3.2: {}

  validate-npm-package-name@5.0.1: {}

  walk-up-path@3.0.1: {}

  web-streams-polyfill@3.3.3: {}

  which@2.0.2:
    dependencies:
      isexe: 2.0.0

  wrap-ansi@7.0.0:
    dependencies:
      ansi-styles: 4.3.0
      string-width: 4.2.3
      strip-ansi: 6.0.1

  wrap-ansi@8.1.0:
    dependencies:
      ansi-styles: 6.2.1
      string-width: 5.1.2
      strip-ansi: 7.1.0

  yaml@2.4.5: {}

  zod@3.23.8: {}
